
Microsoft Visual Studio Solution File, Format Version 11.00
# Visual Studio 2010
Project("{FAE04EC0-301F-11D3-BF4B-00C04F79EFBC}") = "charity2", "Assembly-CSharp.csproj", "{C3C6246B-76AE-6120-3C55-EA3186D5C22B}"
EndProject
Global
	GlobalSection(SolutionConfigurationPlatforms) = preSolution
		Debug|Any CPU = Debug|Any CPU
		Release|Any CPU = Release|Any CPU
	EndGlobalSection
	GlobalSection(ProjectConfigurationPlatforms) = postSolution
		{C3C6246B-76AE-6120-3C55-EA3186D5C22B}.Debug|Any CPU.ActiveCfg = Debug|Any CPU
		{C3C6246B-76AE-6120-3C55-EA3186D5C22B}.Debug|Any CPU.Build.0 = Debug|Any CPU
		{C3C6246B-76AE-6120-3C55-EA3186D5C22B}.Release|Any CPU.ActiveCfg = Release|Any CPU
		{C3C6246B-76AE-6120-3C55-EA3186D5C22B}.Release|Any CPU.Build.0 = Release|Any CPU
	EndGlobalSection
	GlobalSection(SolutionProperties) = preSolution
		HideSolutionNode = FALSE
	EndGlobalSection
	GlobalSection(MonoDevelopProperties) = preSolution
		StartupItem = Assembly-CSharp.csproj
	EndGlobalSection
EndGlobal
